// !$*UTF8*$!
{
	archiveVersion = 1;
	classes = {
	};
	objectVersion = 50;
	objects = {

/* Begin PBXBuildFile section */
		1655A30622DF57F400B25611 /* AppDelegate.swift in Sources */ = {isa = PBXBuildFile; fileRef = 1655A30522DF57F400B25611 /* AppDelegate.swift */; };
		1655A30822DF57F400B25611 /* ViewController.swift in Sources */ = {isa = PBXBuildFile; fileRef = 1655A30722DF57F400B25611 /* ViewController.swift */; };
		1655A30B22DF57F400B25611 /* Main.storyboard in Resources */ = {isa = PBXBuildFile; fileRef = 1655A30922DF57F400B25611 /* Main.storyboard */; };
		1655A30E22DF57F400B25611 /* ios.xcdatamodeld in Sources */ = {isa = PBXBuildFile; fileRef = 1655A30C22DF57F400B25611 /* ios.xcdatamodeld */; };
		1655A31022DF57F500B25611 /* Assets.xcassets in Resources */ = {isa = PBXBuildFile; fileRef = 1655A30F22DF57F500B25611 /* Assets.xcassets */; };
		1655A31322DF57F500B25611 /* LaunchScreen.storyboard in Resources */ = {isa = PBXBuildFile; fileRef = 1655A31122DF57F500B25611 /* LaunchScreen.storyboard */; };
		1655A31E22DF57F500B25611 /* iosTests.swift in Sources */ = {isa = PBXBuildFile; fileRef = 1655A31D22DF57F500B25611 /* iosTests.swift */; };
		1655A32922DF57F500B25611 /* iosUITests.swift in Sources */ = {isa = PBXBuildFile; fileRef = 1655A32822DF57F500B25611 /* iosUITests.swift */; };
/* End PBXBuildFile section */

/* Begin PBXContainerItemProxy section */
		1655A31A22DF57F500B25611 /* PBXContainerItemProxy */ = {
			isa = PBXContainerItemProxy;
			containerPortal = 1655A2FA22DF57F400B25611 /* Project object */;
			proxyType = 1;
			remoteGlobalIDString = 1655A30122DF57F400B25611;
			remoteInfo = ios;
		};
		1655A32522DF57F500B25611 /* PBXContainerItemProxy */ = {
			isa = PBXContainerItemProxy;
			containerPortal = 1655A2FA22DF57F400B25611 /* Project object */;
			proxyType = 1;
			remoteGlobalIDString = 1655A30122DF57F400B25611;
			remoteInfo = ios;
		};
/* End PBXContainerItemProxy section */

/* Begin PBXFileReference section */
		1655A30222DF57F400B25611 /* ios.app */ = {isa = PBXFileReference; explicitFileType = wrapper.application; includeInIndex = 0; path = ios.app; sourceTree = BUILT_PRODUCTS_DIR; };
		1655A30522DF57F400B25611 /* AppDelegate.swift */ = {isa = PBXFileReference; lastKnownFileType = sourcecode.swift; path = AppDelegate.swift; sourceTree = "<group>"; };
		1655A30722DF57F400B25611 /* ViewController.swift */ = {isa = PBXFileReference; lastKnownFileType = sourcecode.swift; lineEnding = 0; path = ViewController.swift; sourceTree = "<group>"; };
		1655A30A22DF57F400B25611 /* Base */ = {isa = PBXFileReference; lastKnownFileType = file.storyboard; name = Base; path = Base.lproj/Main.storyboard; sourceTree = "<group>"; };
		1655A30D22DF57F400B25611 /* ios.xcdatamodel */ = {isa = PBXFileReference; lastKnownFileType = wrapper.xcdatamodel; path = ios.xcdatamodel; sourceTree = "<group>"; };
		1655A30F22DF57F500B25611 /* Assets.xcassets */ = {isa = PBXFileReference; lastKnownFileType = folder.assetcatalog; path = Assets.xcassets; sourceTree = "<group>"; };
		1655A31222DF57F500B25611 /* Base */ = {isa = PBXFileReference; lastKnownFileType = file.storyboard; name = Base; path = Base.lproj/LaunchScreen.storyboard; sourceTree = "<group>"; };
		1655A31422DF57F500B25611 /* Info.plist */ = {isa = PBXFileReference; lastKnownFileType = text.plist.xml; path = Info.plist; sourceTree = "<group>"; };
		1655A31922DF57F500B25611 /* iosTests.xctest */ = {isa = PBXFileReference; explicitFileType = wrapper.cfbundle; includeInIndex = 0; path = iosTests.xctest; sourceTree = BUILT_PRODUCTS_DIR; };
		1655A31D22DF57F500B25611 /* iosTests.swift */ = {isa = PBXFileReference; lastKnownFileType = sourcecode.swift; path = iosTests.swift; sourceTree = "<group>"; };
		1655A31F22DF57F500B25611 /* Info.plist */ = {isa = PBXFileReference; lastKnownFileType = text.plist.xml; path = Info.plist; sourceTree = "<group>"; };
		1655A32422DF57F500B25611 /* iosUITests.xctest */ = {isa = PBXFileReference; explicitFileType = wrapper.cfbundle; includeInIndex = 0; path = iosUITests.xctest; sourceTree = BUILT_PRODUCTS_DIR; };
		1655A32822DF57F500B25611 /* iosUITests.swift */ = {isa = PBXFileReference; lastKnownFileType = sourcecode.swift; path = iosUITests.swift; sourceTree = "<group>"; };
		1655A32A22DF57F500B25611 /* Info.plist */ = {isa = PBXFileReference; lastKnownFileType = text.plist.xml; path = Info.plist; sourceTree = "<group>"; };
/* End PBXFileReference section */

/* Begin PBXFrameworksBuildPhase section */
		1655A2FF22DF57F400B25611 /* Frameworks */ = {
			isa = PBXFrameworksBuildPhase;
			buildActionMask = 2147483647;
			files = (
			);
			runOnlyForDeploymentPostprocessing = 0;
		};
		1655A31622DF57F500B25611 /* Frameworks */ = {
			isa = PBXFrameworksBuildPhase;
			buildActionMask = 2147483647;
			files = (
			);
			runOnlyForDeploymentPostprocessing = 0;
		};
		1655A32122DF57F500B25611 /* Frameworks */ = {
			isa = PBXFrameworksBuildPhase;
			buildActionMask = 2147483647;
			files = (
			);
			runOnlyForDeploymentPostprocessing = 0;
		};
/* End PBXFrameworksBuildPhase section */

/* Begin PBXGroup section */
		1655A2F922DF57F400B25611 = {
			isa = PBXGroup;
			children = (
				1655A30422DF57F400B25611 /* ios */,
				1655A31C22DF57F500B25611 /* iosTests */,
				1655A32722DF57F500B25611 /* iosUITests */,
				1655A30322DF57F400B25611 /* Products */,
			);
			sourceTree = "<group>";
		};
		1655A30322DF57F400B25611 /* Products */ = {
			isa = PBXGroup;
			children = (
				1655A30222DF57F400B25611 /* ios.app */,
				1655A31922DF57F500B25611 /* iosTests.xctest */,
				1655A32422DF57F500B25611 /* iosUITests.xctest */,
			);
			name = Products;
			sourceTree = "<group>";
		};
		1655A30422DF57F400B25611 /* ios */ = {
			isa = PBXGroup;
			children = (
				1655A30522DF57F400B25611 /* AppDelegate.swift */,
				1655A30722DF57F400B25611 /* ViewController.swift */,
				1655A30922DF57F400B25611 /* Main.storyboard */,
				1655A30F22DF57F500B25611 /* Assets.xcassets */,
				1655A31122DF57F500B25611 /* LaunchScreen.storyboard */,
				1655A31422DF57F500B25611 /* Info.plist */,
				1655A30C22DF57F400B25611 /* ios.xcdatamodeld */,
			);
			path = ios;
			sourceTree = "<group>";
		};
		1655A31C22DF57F500B25611 /* iosTests */ = {
			isa = PBXGroup;
			children = (
				1655A31D22DF57F500B25611 /* iosTests.swift */,
				1655A31F22DF57F500B25611 /* Info.plist */,
			);
			path = iosTests;
			sourceTree = "<group>";
		};
		1655A32722DF57F500B25611 /* iosUITests */ = {
			isa = PBXGroup;
			children = (
				1655A32822DF57F500B25611 /* iosUITests.swift */,
				1655A32A22DF57F500B25611 /* Info.plist */,
			);
			path = iosUITests;
			sourceTree = "<group>";
		};
/* End PBXGroup section */

/* Begin PBXNativeTarget section */
		1655A30122DF57F400B25611 /* ios */ = {
			isa = PBXNativeTarget;
			buildConfigurationList = 1655A32D22DF57F500B25611 /* Build configuration list for PBXNativeTarget "ios" */;
			buildPhases = (
				1655A2FE22DF57F400B25611 /* Sources */,
				1655A2FF22DF57F400B25611 /* Frameworks */,
				1655A30022DF57F400B25611 /* Resources */,
			);
			buildRules = (
			);
			dependencies = (
			);
			name = ios;
			productName = ios;
			productReference = 1655A30222DF57F400B25611 /* ios.app */;
			productType = "com.apple.product-type.application";
		};
		1655A31822DF57F500B25611 /* iosTests */ = {
			isa = PBXNativeTarget;
			buildConfigurationList = 1655A33022DF57F500B25611 /* Build configuration list for PBXNativeTarget "iosTests" */;
			buildPhases = (
				1655A31522DF57F500B25611 /* Sources */,
				1655A31622DF57F500B25611 /* Frameworks */,
				1655A31722DF57F500B25611 /* Resources */,
			);
			buildRules = (
			);
			dependencies = (
				1655A31B22DF57F500B25611 /* PBXTargetDependency */,
			);
			name = iosTests;
			productName = iosTests;
			productReference = 1655A31922DF57F500B25611 /* iosTests.xctest */;
			productType = "com.apple.product-type.bundle.unit-test";
		};
		1655A32322DF57F500B25611 /* iosUITests */ = {
			isa = PBXNativeTarget;
			buildConfigurationList = 1655A33322DF57F500B25611 /* Build configuration list for PBXNativeTarget "iosUITests" */;
			buildPhases = (
				1655A32022DF57F500B25611 /* Sources */,
				1655A32122DF57F500B25611 /* Frameworks */,
				1655A32222DF57F500B25611 /* Resources */,
			);
			buildRules = (
			);
			dependencies = (
				1655A32622DF57F500B25611 /* PBXTargetDependency */,
			);
			name = iosUITests;
			productName = iosUITests;
			productReference = 1655A32422DF57F500B25611 /* iosUITests.xctest */;
			productType = "com.apple.product-type.bundle.ui-testing";
		};
/* End PBXNativeTarget section */

/* Begin PBXProject section */
		1655A2FA22DF57F400B25611 /* Project object */ = {
			isa = PBXProject;
			attributes = {
				LastSwiftUpdateCheck = 1020;
				LastUpgradeCheck = 1020;
				ORGANIZATIONNAME = estiam;
				TargetAttributes = {
					1655A30122DF57F400B25611 = {
						CreatedOnToolsVersion = 10.2.1;
					};
					1655A31822DF57F500B25611 = {
						CreatedOnToolsVersion = 10.2.1;
						TestTargetID = 1655A30122DF57F400B25611;
					};
					1655A32322DF57F500B25611 = {
						CreatedOnToolsVersion = 10.2.1;
						TestTargetID = 1655A30122DF57F400B25611;
					};
				};
			};
			buildConfigurationList = 1655A2FD22DF57F400B25611 /* Build configuration list for PBXProject "ios" */;
			compatibilityVersion = "Xcode 9.3";
			developmentRegion = en;
			hasScannedForEncodings = 0;
			knownRegions = (
				en,
				Base,
			);
			mainGroup = 1655A2F922DF57F400B25611;
			productRefGroup = 1655A30322DF57F400B25611 /* Products */;
			projectDirPath = "";
			projectRoot = "";
			targets = (
				1655A30122DF57F400B25611 /* ios */,
				1655A31822DF57F500B25611 /* iosTests */,
				1655A32322DF57F500B25611 /* iosUITests */,
			);
		};
/* End PBXProject section */

/* Begin PBXResourcesBuildPhase section */
		1655A30022DF57F400B25611 /* Resources */ = {
			isa = PBXResourcesBuildPhase;
			buildActionMask = 2147483647;
			files = (
				1655A31322DF57F500B25611 /* LaunchScreen.storyboard in Resources */,
				1655A31022DF57F500B25611 /* Assets.xcassets in Resources */,
				1655A30B22DF57F400B25611 /* Main.storyboard in Resources */,
			);
			runOnlyForDeploymentPostprocessing = 0;
		};
		1655A31722DF57F500B25611 /* Resources */ = {
			isa = PBXResourcesBuildPhase;
			buildActionMask = 2147483647;
			files = (
			);
			runOnlyForDeploymentPostprocessing = 0;
		};
		1655A32222DF57F500B25611 /* Resources */ = {
			isa = PBXResourcesBuildPhase;
			buildActionMask = 2147483647;
			files = (
			);
			runOnlyForDeploymentPostprocessing = 0;
		};
/* End PBXResourcesBuildPhase section */

/* Begin PBXSourcesBuildPhase section */
		1655A2FE22DF57F400B25611 /* Sources */ = {
			isa = PBXSourcesBuildPhase;
			buildActionMask = 2147483647;
			files = (
				1655A30E22DF57F400B25611 /* ios.xcdatamodeld in Sources */,
				1655A30822DF57F400B25611 /* ViewController.swift in Sources */,
				1655A30622DF57F400B25611 /* AppDelegate.swift in Sources */,
			);
			runOnlyForDeploymentPostprocessing = 0;
		};
		1655A31522DF57F500B25611 /* Sources */ = {
			isa = PBXSourcesBuildPhase;
			buildActionMask = 2147483647;
			files = (
				1655A31E22DF57F500B25611 /* iosTests.swift in Sources */,
			);
			runOnlyForDeploymentPostprocessing = 0;
		};
		1655A32022DF57F500B25611 /* Sources */ = {
			isa = PBXSourcesBuildPhase;
			buildActionMask = 2147483647;
			files = (
				1655A32922DF57F500B25611 /* iosUITests.swift in Sources */,
			);
			runOnlyForDeploymentPostprocessing = 0;
		};
/* End PBXSourcesBuildPhase section */

/* Begin PBXTargetDependency section */
		1655A31B22DF57F500B25611 /* PBXTargetDependency */ = {
			isa = PBXTargetDependency;
			target = 1655A30122DF57F400B25611 /* ios */;
			targetProxy = 1655A31A22DF57F500B25611 /* PBXContainerItemProxy */;
		};
		1655A32622DF57F500B25611 /* PBXTargetDependency */ = {
			isa = PBXTargetDependency;
			target = 1655A30122DF57F400B25611 /* ios */;
			targetProxy = 1655A32522DF57F500B25611 /* PBXContainerItemProxy */;
		};
/* End PBXTargetDependency section */

/* Begin PBXVariantGroup section */
		1655A30922DF57F400B25611 /* Main.storyboard */ = {
			isa = PBXVariantGroup;
			children = (
				1655A30A22DF57F400B25611 /* Base */,
			);
			name = Main.storyboard;
			sourceTree = "<group>";
		};
		1655A31122DF57F500B25611 /* LaunchScreen.storyboard */ = {
			isa = PBXVariantGroup;
			children = (
				1655A31222DF57F500B25611 /* Base */,
			);
			name = LaunchScreen.storyboard;
			sourceTree = "<group>";
		};
/* End PBXVariantGroup section */

/* Begin XCBuildConfiguration section */
		1655A32B22DF57F500B25611 /* Debug */ = {
			isa = XCBuildConfiguration;
			buildSettings = {
				ALWAYS_SEARCH_USER_PATHS = NO;
				CLANG_ANALYZER_NONNULL = YES;
				CLANG_ANALYZER_NUMBER_OBJECT_CONVERSION = YES_AGGRESSIVE;
				CLANG_CXX_LANGUAGE_STANDARD = "gnu++14";
				CLANG_CXX_LIBRARY = "libc++";
				CLANG_ENABLE_MODULES = YES;
				CLANG_ENABLE_OBJC_ARC = YES;
				CLANG_ENABLE_OBJC_WEAK = YES;
				CLANG_WARN_BLOCK_CAPTURE_AUTORELEASING = YES;
				CLANG_WARN_BOOL_CONVERSION = YES;
				CLANG_WARN_COMMA = YES;
				CLANG_WARN_CONSTANT_CONVERSION = YES;
				CLANG_WARN_DEPRECATED_OBJC_IMPLEMENTATIONS = YES;
				CLANG_WARN_DIRECT_OBJC_ISA_USAGE = YES_ERROR;
				CLANG_WARN_DOCUMENTATION_COMMENTS = YES;
				CLANG_WARN_EMPTY_BODY = YES;
				CLANG_WARN_ENUM_CONVERSION = YES;
				CLANG_WARN_INFINITE_RECURSION = YES;
				CLANG_WARN_INT_CONVERSION = YES;
				CLANG_WARN_NON_LITERAL_NULL_CONVERSION = YES;
				CLANG_WARN_OBJC_IMPLICIT_RETAIN_SELF = YES;
				CLANG_WARN_OBJC_LITERAL_CONVERSION = YES;
				CLANG_WARN_OBJC_ROOT_CLASS = YES_ERROR;
				CLANG_WARN_RANGE_LOOP_ANALYSIS = YES;
				CLANG_WARN_STRICT_PROTOTYPES = YES;
				CLANG_WARN_SUSPICIOUS_MOVE = YES;
				CLANG_WARN_UNGUARDED_AVAILABILITY = YES_AGGRESSIVE;
				CLANG_WARN_UNREACHABLE_CODE = YES;
				CLANG_WARN__DUPLICATE_METHOD_MATCH = YES;
				CODE_SIGN_IDENTITY = "iPhone Developer";
				COPY_PHASE_STRIP = NO;
				DEBUG_INFORMATION_FORMAT = dwarf;
				ENABLE_STRICT_OBJC_MSGSEND = YES;
				ENABLE_TESTABILITY = YES;
				GCC_C_LANGUAGE_STANDARD = gnu11;
				GCC_DYNAMIC_NO_PIC = NO;
				GCC_NO_COMMON_BLOCKS = YES;
				GCC_OPTIMIZATION_LEVEL = 0;
				GCC_PREPROCESSOR_DEFINITIONS = (
					"DEBUG=1",
					"$(inherited)",
				);
				GCC_WARN_64_TO_32_BIT_CONVERSION = YES;
				GCC_WARN_ABOUT_RETURN_TYPE = YES_ERROR;
				GCC_WARN_UNDECLARED_SELECTOR = YES;
				GCC_WARN_UNINITIALIZED_AUTOS = YES_AGGRESSIVE;
				GCC_WARN_UNUSED_FUNCTION = YES;
				GCC_WARN_UNUSED_VARIABLE = YES;
				IPHONEOS_DEPLOYMENT_TARGET = 12.2;
				MTL_ENABLE_DEBUG_INFO = INCLUDE_SOURCE;
				MTL_FAST_MATH = YES;
				ONLY_ACTIVE_ARCH = YES;
				SDKROOT = iphoneos;
				SWIFT_ACTIVE_COMPILATION_CONDITIONS = DEBUG;
				SWIFT_OPTIMIZATION_LEVEL = "-Onone";
			};
			name = Debug;
		};
		1655A32C22DF57F500B25611 /* Release */ = {
			isa = XCBuildConfiguration;
			buildSettings = {
				ALWAYS_SEARCH_USER_PATHS = NO;
				CLANG_ANALYZER_NONNULL = YES;
				CLANG_ANALYZER_NUMBER_OBJECT_CONVERSION = YES_AGGRESSIVE;
				CLANG_CXX_LANGUAGE_STANDARD = "gnu++14";
				CLANG_CXX_LIBRARY = "libc++";
				CLANG_ENABLE_MODULES = YES;
				CLANG_ENABLE_OBJC_ARC = YES;
				CLANG_ENABLE_OBJC_WEAK = YES;
				CLANG_WARN_BLOCK_CAPTURE_AUTORELEASING = YES;
				CLANG_WARN_BOOL_CONVERSION = YES;
				CLANG_WARN_COMMA = YES;
				CLANG_WARN_CONSTANT_CONVERSION = YES;
				CLANG_WARN_DEPRECATED_OBJC_IMPLEMENTATIONS = YES;
				CLANG_WARN_DIRECT_OBJC_ISA_USAGE = YES_ERROR;
				CLANG_WARN_DOCUMENTATION_COMMENTS = YES;
				CLANG_WARN_EMPTY_BODY = YES;
				CLANG_WARN_ENUM_CONVERSION = YES;
				CLANG_WARN_INFINITE_RECURSION = YES;
				CLANG_WARN_INT_CONVERSION = YES;
				CLANG_WARN_NON_LITERAL_NULL_CONVERSION = YES;
				CLANG_WARN_OBJC_IMPLICIT_RETAIN_SELF = YES;
				CLANG_WARN_OBJC_LITERAL_CONVERSION = YES;
				CLANG_WARN_OBJC_ROOT_CLASS = YES_ERROR;
				CLANG_WARN_RANGE_LOOP_ANALYSIS = YES;
				CLANG_WARN_STRICT_PROTOTYPES = YES;
				CLANG_WARN_SUSPICIOUS_MOVE = YES;
				CLANG_WARN_UNGUARDED_AVAILABILITY = YES_AGGRESSIVE;
				CLANG_WARN_UNREACHABLE_CODE = YES;
				CLANG_WARN__DUPLICATE_METHOD_MATCH = YES;
				CODE_SIGN_IDENTITY = "iPhone Developer";
				COPY_PHASE_STRIP = NO;
				DEBUG_INFORMATION_FORMAT = "dwarf-with-dsym";
				ENABLE_NS_ASSERTIONS = NO;
				ENABLE_STRICT_OBJC_MSGSEND = YES;
				GCC_C_LANGUAGE_STANDARD = gnu11;
				GCC_NO_COMMON_BLOCKS = YES;
				GCC_WARN_64_TO_32_BIT_CONVERSION = YES;
				GCC_WARN_ABOUT_RETURN_TYPE = YES_ERROR;
				GCC_WARN_UNDECLARED_SELECTOR = YES;
				GCC_WARN_UNINITIALIZED_AUTOS = YES_AGGRESSIVE;
				GCC_WARN_UNUSED_FUNCTION = YES;
				GCC_WARN_UNUSED_VARIABLE = YES;
				IPHONEOS_DEPLOYMENT_TARGET = 12.2;
				MTL_ENABLE_DEBUG_INFO = NO;
				MTL_FAST_MATH = YES;
				SDKROOT = iphoneos;
				SWIFT_COMPILATION_MODE = wholemodule;
				SWIFT_OPTIMIZATION_LEVEL = "-O";
				VALIDATE_PRODUCT = YES;
			};
			name = Release;
		};
		1655A32E22DF57F500B25611 /* Debug */ = {
			isa = XCBuildConfiguration;
			buildSettings = {
				ASSETCATALOG_COMPILER_APPICON_NAME = AppIcon;
				CODE_SIGN_STYLE = Automatic;
				DEVELOPMENT_TEAM = V62UV82F7P;
				INFOPLIST_FILE = ios/Info.plist;
				LD_RUNPATH_SEARCH_PATHS = (
					"$(inherited)",
					"@executable_path/Frameworks",
				);
				PRODUCT_BUNDLE_IDENTIFIER = com.estiam.ios;
				PRODUCT_NAME = "$(TARGET_NAME)";
				SWIFT_VERSION = 5.0;
				TARGETED_DEVICE_FAMILY = "1,2";
			};
			name = Debug;
		};
		1655A32F22DF57F500B25611 /* Release */ = {
			isa = XCBuildConfiguration;
			buildSettings = {
				ASSETCATALOG_COMPILER_APPICON_NAME = AppIcon;
				CODE_SIGN_STYLE = Automatic;
				DEVELOPMENT_TEAM = V62UV82F7P;
				INFOPLIST_FILE = ios/Info.plist;
				LD_RUNPATH_SEARCH_PATHS = (
					"$(inherited)",
					"@executable_path/Frameworks",
				);
				PRODUCT_BUNDLE_IDENTIFIER = com.estiam.ios;
				PRODUCT_NAME = "$(TARGET_NAME)";
				SWIFT_VERSION = 5.0;
				TARGETED_DEVICE_FAMILY = "1,2";
			};
			name = Release;
		};
		1655A33122DF57F500B25611 /* Debug */ = {
			isa = XCBuildConfiguration;
			buildSettings = {
				ALWAYS_EMBED_SWIFT_STANDARD_LIBRARIES = YES;
				BUNDLE_LOADER = "$(TEST_HOST)";
				CODE_SIGN_STYLE = Automatic;
				DEVELOPMENT_TEAM = V62UV82F7P;
				INFOPLIST_FILE = iosTests/Info.plist;
				LD_RUNPATH_SEARCH_PATHS = (
					"$(inherited)",
					"@executable_path/Frameworks",
					"@loader_path/Frameworks",
				);
				PRODUCT_BUNDLE_IDENTIFIER = com.estiam.iosTests;
				PRODUCT_NAME = "$(TARGET_NAME)";
				SWIFT_VERSION = 5.0;
				TARGETED_DEVICE_FAMILY = "1,2";
				TEST_HOST = "$(BUILT_PRODUCTS_DIR)/ios.app/ios";
			};
			name = Debug;
		};
		1655A33222DF57F500B25611 /* Release */ = {
			isa = XCBuildConfiguration;
			buildSettings = {
				ALWAYS_EMBED_SWIFT_STANDARD_LIBRARIES = YES;
				BUNDLE_LOADER = "$(TEST_HOST)";
				CODE_SIGN_STYLE = Automatic;
				DEVELOPMENT_TEAM = V62UV82F7P;
				INFOPLIST_FILE = iosTests/Info.plist;
				LD_RUNPATH_SEARCH_PATHS = (
					"$(inherited)",
					"@executable_path/Frameworks",
					"@loader_path/Frameworks",
				);
				PRODUCT_BUNDLE_IDENTIFIER = com.estiam.iosTests;
				PRODUCT_NAME = "$(TARGET_NAME)";
				SWIFT_VERSION = 5.0;
				TARGETED_DEVICE_FAMILY = "1,2";
				TEST_HOST = "$(BUILT_PRODUCTS_DIR)/ios.app/ios";
			};
			name = Release;
		};
		1655A33422DF57F500B25611 /* Debug */ = {
			isa = XCBuildConfiguration;
			buildSettings = {
				ALWAYS_EMBED_SWIFT_STANDARD_LIBRARIES = YES;
				CODE_SIGN_STYLE = Automatic;
				DEVELOPMENT_TEAM = V62UV82F7P;
				INFOPLIST_FILE = iosUITests/Info.plist;
				LD_RUNPATH_SEARCH_PATHS = (
					"$(inherited)",
					"@executable_path/Frameworks",
					"@loader_path/Frameworks",
				);
				PRODUCT_BUNDLE_IDENTIFIER = com.estiam.iosUITests;
				PRODUCT_NAME = "$(TARGET_NAME)";
				SWIFT_VERSION = 5.0;
				TARGETED_DEVICE_FAMILY = "1,2";
				TEST_TARGET_NAME = ios;
			};
			name = Debug;
		};
		1655A33522DF57F500B25611 /* Release */ = {
			isa = XCBuildConfiguration;
			buildSettings = {
				ALWAYS_EMBED_SWIFT_STANDARD_LIBRARIES = YES;
				CODE_SIGN_STYLE = Automatic;
				DEVELOPMENT_TEAM = V62UV82F7P;
				INFOPLIST_FILE = iosUITests/Info.plist;
				LD_RUNPATH_SEARCH_PATHS = (
					"$(inherited)",
					"@executable_path/Frameworks",
					"@loader_path/Frameworks",
				);
				PRODUCT_BUNDLE_IDENTIFIER = com.estiam.iosUITests;
				PRODUCT_NAME = "$(TARGET_NAME)";
				SWIFT_VERSION = 5.0;
				TARGETED_DEVICE_FAMILY = "1,2";
				TEST_TARGET_NAME = ios;
			};
			name = Release;
		};
/* End XCBuildConfiguration section */

/* Begin XCConfigurationList section */
		1655A2FD22DF57F400B25611 /* Build configuration list for PBXProject "ios" */ = {
			isa = XCConfigurationList;
			buildConfigurations = (
				1655A32B22DF57F500B25611 /* Debug */,
				1655A32C22DF57F500B25611 /* Release */,
			);
			defaultConfigurationIsVisible = 0;
			defaultConfigurationName = Release;
		};
		1655A32D22DF57F500B25611 /* Build configuration list for PBXNativeTarget "ios" */ = {
			isa = XCConfigurationList;
			buildConfigurations = (
				1655A32E22DF57F500B25611 /* Debug */,
				1655A32F22DF57F500B25611 /* Release */,
			);
			defaultConfigurationIsVisible = 0;
			defaultConfigurationName = Release;
		};
		1655A33022DF57F500B25611 /* Build configuration list for PBXNativeTarget "iosTests" */ = {
			isa = XCConfigurationList;
			buildConfigurations = (
				1655A33122DF57F500B25611 /* Debug */,
				1655A33222DF57F500B25611 /* Release */,
			);
			defaultConfigurationIsVisible = 0;
			defaultConfigurationName = Release;
		};
		1655A33322DF57F500B25611 /* Build configuration list for PBXNativeTarget "iosUITests" */ = {
			isa = XCConfigurationList;
			buildConfigurations = (
				1655A33422DF57F500B25611 /* Debug */,
				1655A33522DF57F500B25611 /* Release */,
			);
			defaultConfigurationIsVisible = 0;
			defaultConfigurationName = Release;
		};
/* End XCConfigurationList section */

/* Begin XCVersionGroup section */
		1655A30C22DF57F400B25611 /* ios.xcdatamodeld */ = {
			isa = XCVersionGroup;
			children = (
				1655A30D22DF57F400B25611 /* ios.xcdatamodel */,
			);
			currentVersion = 1655A30D22DF57F400B25611 /* ios.xcdatamodel */;
			path = ios.xcdatamodeld;
			sourceTree = "<group>";
			versionGroupType = wrapper.xcdatamodel;
		};
/* End XCVersionGroup section */
	};
	rootObject = 1655A2FA22DF57F400B25611 /* Project object */;
}
